
Microsoft Visual Studio Solution File, Format Version 12.00
# Visual Studio 15
VisualStudioVersion = 15.0.28307.168
MinimumVisualStudioVersion = 10.0.40219.1
Project("{9A19103F-16F7-4668-BE54-9A1E7A4F7556}") = "faceRecognitionApi", "face.recognition.attendence\faceRecognitionApi.csproj", "{F60E6F46-299B-4EAC-B987-B14A430EA653}"
	ProjectSection(ProjectDependencies) = postProject
		{23B67DC5-4665-426C-854E-E6B993D144C1} = {23B67DC5-4665-426C-854E-E6B993D144C1}
	EndProjectSection
EndProject
Project("{FAE04EC0-301F-11D3-BF4B-00C04F79EFBC}") = "FaceRecognition.Library", "FaceRecognition.Library\FaceRecognition.Library.csproj", "{23B67DC5-4665-426C-854E-E6B993D144C1}"
EndProject
Global
	GlobalSection(SolutionConfigurationPlatforms) = preSolution
		Debug|Any CPU = Debug|Any CPU
		Release|Any CPU = Release|Any CPU
	EndGlobalSection
	GlobalSection(ProjectConfigurationPlatforms) = postSolution
		{F60E6F46-299B-4EAC-B987-B14A430EA653}.Debug|Any CPU.ActiveCfg = Debug|Any CPU
		{F60E6F46-299B-4EAC-B987-B14A430EA653}.Debug|Any CPU.Build.0 = Debug|Any CPU
		{F60E6F46-299B-4EAC-B987-B14A430EA653}.Release|Any CPU.ActiveCfg = Release|Any CPU
		{F60E6F46-299B-4EAC-B987-B14A430EA653}.Release|Any CPU.Build.0 = Release|Any CPU
		{23B67DC5-4665-426C-854E-E6B993D144C1}.Debug|Any CPU.ActiveCfg = Debug|Any CPU
		{23B67DC5-4665-426C-854E-E6B993D144C1}.Debug|Any CPU.Build.0 = Debug|Any CPU
		{23B67DC5-4665-426C-854E-E6B993D144C1}.Release|Any CPU.ActiveCfg = Release|Any CPU
		{23B67DC5-4665-426C-854E-E6B993D144C1}.Release|Any CPU.Build.0 = Release|Any CPU
	EndGlobalSection
	GlobalSection(SolutionProperties) = preSolution
		HideSolutionNode = FALSE
	EndGlobalSection
	GlobalSection(ExtensibilityGlobals) = postSolution
		SolutionGuid = {77336849-B824-4C80-8B8B-6E85328B5BE1}
	EndGlobalSection
EndGlobal
